
Microsoft Visual Studio Solution File, Format Version 12.00
# Visual Studio Version 17
VisualStudioVersion = 17.0.32014.148
MinimumVisualStudioVersion = 10.0.40219.1
Project("{FAE04EC0-301F-11D3-BF4B-00C04F79EFBC}") = "Dict_Rewrite", "Dict_Rewrite\Dict_Rewrite.csproj", "{B6D82710-B619-4F2E-B22D-6BFDE2F82891}"
EndProject
Global
	GlobalSection(SolutionConfigurationPlatforms) = preSolution
		Debug|Any CPU = Debug|Any CPU
		Release|Any CPU = Release|Any CPU
	EndGlobalSection
	GlobalSection(ProjectConfigurationPlatforms) = postSolution
		{B6D82710-B619-4F2E-B22D-6BFDE2F82891}.Debug|Any CPU.ActiveCfg = Debug|Any CPU
		{B6D82710-B619-4F2E-B22D-6BFDE2F82891}.Debug|Any CPU.Build.0 = Debug|Any CPU
		{B6D82710-B619-4F2E-B22D-6BFDE2F82891}.Release|Any CPU.ActiveCfg = Release|Any CPU
		{B6D82710-B619-4F2E-B22D-6BFDE2F82891}.Release|Any CPU.Build.0 = Release|Any CPU
	EndGlobalSection
	GlobalSection(SolutionProperties) = preSolution
		HideSolutionNode = FALSE
	EndGlobalSection
	GlobalSection(ExtensibilityGlobals) = postSolution
		SolutionGuid = {DCC02FDE-6BD2-4591-BC0E-5BCB2E984F7B}
	EndGlobalSection
EndGlobal
